
Microsoft Visual Studio Solution File, Format Version 12.00
# Visual Studio Version 17
VisualStudioVersion = 17.0.32014.148
MinimumVisualStudioVersion = 10.0.40219.1
Project("{9A19103F-16F7-4668-BE54-9A1E7A4F7556}") = "KartaMuzyczna", "KartaMuzyczna\KartaMuzyczna.csproj", "{413233FC-D062-4FD7-AAD6-D2AB6B5E5DE4}"
EndProject
Global
	GlobalSection(SolutionConfigurationPlatforms) = preSolution
		Debug|Any CPU = Debug|Any CPU
		Debug|x86 = Debug|x86
		Release|Any CPU = Release|Any CPU
		Release|x86 = Release|x86
	EndGlobalSection
	GlobalSection(ProjectConfigurationPlatforms) = postSolution
		{413233FC-D062-4FD7-AAD6-D2AB6B5E5DE4}.Debug|Any CPU.ActiveCfg = Debug|Any CPU
		{413233FC-D062-4FD7-AAD6-D2AB6B5E5DE4}.Debug|Any CPU.Build.0 = Debug|Any CPU
		{413233FC-D062-4FD7-AAD6-D2AB6B5E5DE4}.Debug|x86.ActiveCfg = Debug|x86
		{413233FC-D062-4FD7-AAD6-D2AB6B5E5DE4}.Debug|x86.Build.0 = Debug|x86
		{413233FC-D062-4FD7-AAD6-D2AB6B5E5DE4}.Release|Any CPU.ActiveCfg = Release|Any CPU
		{413233FC-D062-4FD7-AAD6-D2AB6B5E5DE4}.Release|Any CPU.Build.0 = Release|Any CPU
		{413233FC-D062-4FD7-AAD6-D2AB6B5E5DE4}.Release|x86.ActiveCfg = Release|x86
		{413233FC-D062-4FD7-AAD6-D2AB6B5E5DE4}.Release|x86.Build.0 = Release|x86
	EndGlobalSection
	GlobalSection(SolutionProperties) = preSolution
		HideSolutionNode = FALSE
	EndGlobalSection
	GlobalSection(ExtensibilityGlobals) = postSolution
		SolutionGuid = {869032C0-FE71-4A45-B59E-0AF78B3BB2FF}
	EndGlobalSection
EndGlobal
