
Microsoft Visual Studio Solution File, Format Version 12.00
# Visual Studio Version 16
VisualStudioVersion = 16.0.31205.134
MinimumVisualStudioVersion = 10.0.40219.1
Project("{FAE04EC0-301F-11D3-BF4B-00C04F79EFBC}") = "Kamera", "Kamera\Kamera.csproj", "{17F8BE27-8AEF-44CB-BD36-3090AA33EE11}"
EndProject
Global
	GlobalSection(SolutionConfigurationPlatforms) = preSolution
		Debug|Any CPU = Debug|Any CPU
		Release|Any CPU = Release|Any CPU
	EndGlobalSection
	GlobalSection(ProjectConfigurationPlatforms) = postSolution
		{17F8BE27-8AEF-44CB-BD36-3090AA33EE11}.Debug|Any CPU.ActiveCfg = Debug|Any CPU
		{17F8BE27-8AEF-44CB-BD36-3090AA33EE11}.Debug|Any CPU.Build.0 = Debug|Any CPU
		{17F8BE27-8AEF-44CB-BD36-3090AA33EE11}.Release|Any CPU.ActiveCfg = Release|Any CPU
		{17F8BE27-8AEF-44CB-BD36-3090AA33EE11}.Release|Any CPU.Build.0 = Release|Any CPU
	EndGlobalSection
	GlobalSection(SolutionProperties) = preSolution
		HideSolutionNode = FALSE
	EndGlobalSection
	GlobalSection(ExtensibilityGlobals) = postSolution
		SolutionGuid = {6AA6ED45-D262-437D-89BB-E9F35333600B}
	EndGlobalSection
EndGlobal
