
Microsoft Visual Studio Solution File, Format Version 12.00
# Visual Studio Version 16
VisualStudioVersion = 16.0.31729.503
MinimumVisualStudioVersion = 10.0.40219.1
Project("{FAE04EC0-301F-11D3-BF4B-00C04F79EFBC}") = "UP_Kamera", "UP_Kamera\UP_Kamera.csproj", "{DA17D9A6-53F6-4107-AB2C-AD0FD33B41EC}"
EndProject
Global
	GlobalSection(SolutionConfigurationPlatforms) = preSolution
		Debug|Any CPU = Debug|Any CPU
		Release|Any CPU = Release|Any CPU
	EndGlobalSection
	GlobalSection(ProjectConfigurationPlatforms) = postSolution
		{DA17D9A6-53F6-4107-AB2C-AD0FD33B41EC}.Debug|Any CPU.ActiveCfg = Debug|Any CPU
		{DA17D9A6-53F6-4107-AB2C-AD0FD33B41EC}.Debug|Any CPU.Build.0 = Debug|Any CPU
		{DA17D9A6-53F6-4107-AB2C-AD0FD33B41EC}.Release|Any CPU.ActiveCfg = Release|Any CPU
		{DA17D9A6-53F6-4107-AB2C-AD0FD33B41EC}.Release|Any CPU.Build.0 = Release|Any CPU
	EndGlobalSection
	GlobalSection(SolutionProperties) = preSolution
		HideSolutionNode = FALSE
	EndGlobalSection
	GlobalSection(ExtensibilityGlobals) = postSolution
		SolutionGuid = {C3461CEF-23A7-43C6-BBB4-842649C29303}
	EndGlobalSection
EndGlobal
